
Microsoft Visual Studio Solution File, Format Version 12.00
# Visual Studio Version 17
VisualStudioVersion = 17.13.35931.197
MinimumVisualStudioVersion = 10.0.40219.1
Project("{2150E333-8FDC-42A3-9474-1A3956D46DE8}") = "1.Presentacion", "1.Presentacion", "{02EA681E-C7D8-13C7-8484-4AC65E1B71E8}"
EndProject
Project("{2150E333-8FDC-42A3-9474-1A3956D46DE8}") = "2.Servicios", "2.Servicios", "{576DF9C2-0B03-4C83-BFA0-284AB9BF5975}"
EndProject
Project("{2150E333-8FDC-42A3-9474-1A3956D46DE8}") = "3.Nucleo", "3.Nucleo", "{55837822-231B-4A95-8080-8D49A7CBF99B}"
EndProject
Project("{2150E333-8FDC-42A3-9474-1A3956D46DE8}") = "4.Pruebas Unitarias", "4.Pruebas Unitarias", "{195F8493-FA65-42CA-B145-EB3FC8E44378}"
EndProject
Project("{FAE04EC0-301F-11D3-BF4B-00C04F79EFBC}") = "Dominio", "Dominio\Dominio.csproj", "{97448293-E954-456F-B411-BF52A36AB5B6}"
EndProject
Project("{FAE04EC0-301F-11D3-BF4B-00C04F79EFBC}") = "Repositorio", "Repositorio\Repositorio.csproj", "{3D892378-CF46-4022-B301-4F11A716C80F}"
EndProject
Project("{FAE04EC0-301F-11D3-BF4B-00C04F79EFBC}") = "ut_presentacion", "ut_presentacion\ut_presentacion.csproj", "{71B2DF64-A770-419B-99BE-9FD285FF0965}"
EndProject
Project("{FAE04EC0-301F-11D3-BF4B-00C04F79EFBC}") = "Aplicacion", "Aplicacion\Aplicacion.csproj", "{53DB19CB-12A5-4784-B6CE-86605A944F6D}"
EndProject
Project("{2150E333-8FDC-42A3-9474-1A3956D46DE8}") = "Elementos de la solución", "Elementos de la solución", "{D107F4C8-89CC-BEA8-D3D7-CA6B7733353D}"
	ProjectSection(SolutionItems) = preProject
		Secrets.json = Secrets.json
	EndProjectSection
EndProject
Project("{FAE04EC0-301F-11D3-BF4B-00C04F79EFBC}") = "asp_servicios", "asp_servicios\asp_servicios.csproj", "{3D69AE8F-C41C-4AF8-95A6-0599DF4F4AF1}"
EndProject
Project("{FAE04EC0-301F-11D3-BF4B-00C04F79EFBC}") = "Presentaciones", "Presentaciones\Presentaciones.csproj", "{22C057A0-6475-451A-8B73-FDCADA281C20}"
EndProject
Project("{FAE04EC0-301F-11D3-BF4B-00C04F79EFBC}") = "asp_presentacion", "asp_presentacion\asp_presentacion.csproj", "{B971E81F-AB5D-4AF6-BC09-6B5536C41606}"
EndProject
Global
	GlobalSection(SolutionConfigurationPlatforms) = preSolution
		Debug|Any CPU = Debug|Any CPU
		Release|Any CPU = Release|Any CPU
	EndGlobalSection
	GlobalSection(ProjectConfigurationPlatforms) = postSolution
		{97448293-E954-456F-B411-BF52A36AB5B6}.Debug|Any CPU.ActiveCfg = Debug|Any CPU
		{97448293-E954-456F-B411-BF52A36AB5B6}.Debug|Any CPU.Build.0 = Debug|Any CPU
		{97448293-E954-456F-B411-BF52A36AB5B6}.Release|Any CPU.ActiveCfg = Release|Any CPU
		{97448293-E954-456F-B411-BF52A36AB5B6}.Release|Any CPU.Build.0 = Release|Any CPU
		{3D892378-CF46-4022-B301-4F11A716C80F}.Debug|Any CPU.ActiveCfg = Debug|Any CPU
		{3D892378-CF46-4022-B301-4F11A716C80F}.Debug|Any CPU.Build.0 = Debug|Any CPU
		{3D892378-CF46-4022-B301-4F11A716C80F}.Release|Any CPU.ActiveCfg = Release|Any CPU
		{3D892378-CF46-4022-B301-4F11A716C80F}.Release|Any CPU.Build.0 = Release|Any CPU
		{71B2DF64-A770-419B-99BE-9FD285FF0965}.Debug|Any CPU.ActiveCfg = Debug|Any CPU
		{71B2DF64-A770-419B-99BE-9FD285FF0965}.Debug|Any CPU.Build.0 = Debug|Any CPU
		{71B2DF64-A770-419B-99BE-9FD285FF0965}.Release|Any CPU.ActiveCfg = Release|Any CPU
		{71B2DF64-A770-419B-99BE-9FD285FF0965}.Release|Any CPU.Build.0 = Release|Any CPU
		{53DB19CB-12A5-4784-B6CE-86605A944F6D}.Debug|Any CPU.ActiveCfg = Debug|Any CPU
		{53DB19CB-12A5-4784-B6CE-86605A944F6D}.Debug|Any CPU.Build.0 = Debug|Any CPU
		{53DB19CB-12A5-4784-B6CE-86605A944F6D}.Release|Any CPU.ActiveCfg = Release|Any CPU
		{53DB19CB-12A5-4784-B6CE-86605A944F6D}.Release|Any CPU.Build.0 = Release|Any CPU
		{3D69AE8F-C41C-4AF8-95A6-0599DF4F4AF1}.Debug|Any CPU.ActiveCfg = Debug|Any CPU
		{3D69AE8F-C41C-4AF8-95A6-0599DF4F4AF1}.Debug|Any CPU.Build.0 = Debug|Any CPU
		{3D69AE8F-C41C-4AF8-95A6-0599DF4F4AF1}.Release|Any CPU.ActiveCfg = Release|Any CPU
		{3D69AE8F-C41C-4AF8-95A6-0599DF4F4AF1}.Release|Any CPU.Build.0 = Release|Any CPU
		{22C057A0-6475-451A-8B73-FDCADA281C20}.Debug|Any CPU.ActiveCfg = Debug|Any CPU
		{22C057A0-6475-451A-8B73-FDCADA281C20}.Debug|Any CPU.Build.0 = Debug|Any CPU
		{22C057A0-6475-451A-8B73-FDCADA281C20}.Release|Any CPU.ActiveCfg = Release|Any CPU
		{22C057A0-6475-451A-8B73-FDCADA281C20}.Release|Any CPU.Build.0 = Release|Any CPU
		{B971E81F-AB5D-4AF6-BC09-6B5536C41606}.Debug|Any CPU.ActiveCfg = Debug|Any CPU
		{B971E81F-AB5D-4AF6-BC09-6B5536C41606}.Debug|Any CPU.Build.0 = Debug|Any CPU
		{B971E81F-AB5D-4AF6-BC09-6B5536C41606}.Release|Any CPU.ActiveCfg = Release|Any CPU
		{B971E81F-AB5D-4AF6-BC09-6B5536C41606}.Release|Any CPU.Build.0 = Release|Any CPU
	EndGlobalSection
	GlobalSection(SolutionProperties) = preSolution
		HideSolutionNode = FALSE
	EndGlobalSection
	GlobalSection(NestedProjects) = preSolution
		{97448293-E954-456F-B411-BF52A36AB5B6} = {55837822-231B-4A95-8080-8D49A7CBF99B}
		{3D892378-CF46-4022-B301-4F11A716C80F} = {576DF9C2-0B03-4C83-BFA0-284AB9BF5975}
		{71B2DF64-A770-419B-99BE-9FD285FF0965} = {195F8493-FA65-42CA-B145-EB3FC8E44378}
		{53DB19CB-12A5-4784-B6CE-86605A944F6D} = {576DF9C2-0B03-4C83-BFA0-284AB9BF5975}
		{3D69AE8F-C41C-4AF8-95A6-0599DF4F4AF1} = {576DF9C2-0B03-4C83-BFA0-284AB9BF5975}
		{22C057A0-6475-451A-8B73-FDCADA281C20} = {02EA681E-C7D8-13C7-8484-4AC65E1B71E8}
		{B971E81F-AB5D-4AF6-BC09-6B5536C41606} = {02EA681E-C7D8-13C7-8484-4AC65E1B71E8}
	EndGlobalSection
	GlobalSection(ExtensibilityGlobals) = postSolution
		SolutionGuid = {9A4C8ED0-684D-422B-A69F-46A328EB081A}
	EndGlobalSection
EndGlobal
